imports:
- repo: sconecf
  source: docs/cas/docs/session_lang_0_3.md
  target: CAS_session_lang_0_3.md
  commit: aaebce11eb5578704ab1d234210a3c58ce974d48
- repo: sconecf
  source: docs/cas/docs/cli-intro.md
  target: CAS_cli-intro.md
  commit: aaebce11eb5578704ab1d234210a3c58ce974d48
- repo: sconecf
  source: docs/cas/docs/config.md
  target: CAS_config.md
  commit: aaebce11eb5578704ab1d234210a3c58ce974d48
- repo: sconecf
  source: docs/cas/docs/audit_log.md
  target: auditLog.md
  commit: aaebce11eb5578704ab1d234210a3c58ce974d48
